{
  "object": {
    "pins": [
      {
        "package": "async-http-client",
        "repositoryURL": "https://github.com/swift-server/async-http-client",
        "state": {
          "branch": null,
          "revision": "d84a1da59e0fa879cde27e01cdf9f079208cc0cc",
          "version": "1.0.0-alpha.4"
        }
      },
      {
        "package": "Commander",
        "repositoryURL": "https://github.com/kylef/Commander",
        "state": {
          "branch": null,
          "revision": "4b6133c3071d521489a80c38fb92d7983f19d438",
          "version": "0.9.1"
        }
      },
      {
        "package": "Spectre",
        "repositoryURL": "https://github.com/kylef/Spectre.git",
        "state": {
          "branch": null,
          "revision": "f14ff47f45642aa5703900980b014c2e9394b6e5",
          "version": "0.9.0"
        }
      },
      {
        "package": "swift-nio",
        "repositoryURL": "https://github.com/apple/swift-nio.git",
        "state": {
          "branch": null,
          "revision": "9201908b54578aa33f1d1826a5a680aca8991843",
          "version": "2.8.0"
        }
      },
      {
        "package": "swift-nio-ssl",
        "repositoryURL": "https://github.com/apple/swift-nio-ssl.git",
        "state": {
          "branch": null,
          "revision": "f5dd7a60ff56f501ff7bf9be753e4b1875bfaf20",
          "version": "2.4.0"
        }
      }
    ]
  },
  "version": 1
}
